
Microsoft Visual Studio Solution File, Format Version 12.00
# Visual Studio Version 17
VisualStudioVersion = 17.0.31903.59
MinimumVisualStudioVersion = 10.0.40219.1
Project("{2150E333-8FDC-42A3-9474-1A3956D46DE8}") = "src", "src", "{238C05CB-C0A4-44EE-9F80-532260A4487F}"
EndProject
Project("{FAE04EC0-301F-11D3-BF4B-00C04F79EFBC}") = "Polyglot", "src\Polyglot\Polyglot.csproj", "{54A21CFF-758C-47B8-AA85-C63723E68373}"
EndProject
Project("{2150E333-8FDC-42A3-9474-1A3956D46DE8}") = "test", "test", "{BAB4A0C9-D6FD-4D79-B11F-ECFDC8887BB0}"
EndProject
Project("{FAE04EC0-301F-11D3-BF4B-00C04F79EFBC}") = "OptionTests", "test\OptionTests\OptionTests.csproj", "{A9E64FAC-459F-4A7D-821E-A8585804D974}"
EndProject
Project("{FAE04EC0-301F-11D3-BF4B-00C04F79EFBC}") = "ResultTests", "test\ResultTests\ResultTests.csproj", "{F002F4D7-47C5-464E-965D-9B4DA53E428E}"
EndProject
Global
	GlobalSection(SolutionConfigurationPlatforms) = preSolution
		Debug|Any CPU = Debug|Any CPU
		Release|Any CPU = Release|Any CPU
	EndGlobalSection
	GlobalSection(SolutionProperties) = preSolution
		HideSolutionNode = FALSE
	EndGlobalSection
	GlobalSection(ProjectConfigurationPlatforms) = postSolution
		{54A21CFF-758C-47B8-AA85-C63723E68373}.Debug|Any CPU.ActiveCfg = Debug|Any CPU
		{54A21CFF-758C-47B8-AA85-C63723E68373}.Debug|Any CPU.Build.0 = Debug|Any CPU
		{54A21CFF-758C-47B8-AA85-C63723E68373}.Release|Any CPU.ActiveCfg = Release|Any CPU
		{54A21CFF-758C-47B8-AA85-C63723E68373}.Release|Any CPU.Build.0 = Release|Any CPU
		{A9E64FAC-459F-4A7D-821E-A8585804D974}.Debug|Any CPU.ActiveCfg = Debug|Any CPU
		{A9E64FAC-459F-4A7D-821E-A8585804D974}.Debug|Any CPU.Build.0 = Debug|Any CPU
		{A9E64FAC-459F-4A7D-821E-A8585804D974}.Release|Any CPU.ActiveCfg = Release|Any CPU
		{A9E64FAC-459F-4A7D-821E-A8585804D974}.Release|Any CPU.Build.0 = Release|Any CPU
		{F002F4D7-47C5-464E-965D-9B4DA53E428E}.Debug|Any CPU.ActiveCfg = Debug|Any CPU
		{F002F4D7-47C5-464E-965D-9B4DA53E428E}.Debug|Any CPU.Build.0 = Debug|Any CPU
		{F002F4D7-47C5-464E-965D-9B4DA53E428E}.Release|Any CPU.ActiveCfg = Release|Any CPU
		{F002F4D7-47C5-464E-965D-9B4DA53E428E}.Release|Any CPU.Build.0 = Release|Any CPU
	EndGlobalSection
	GlobalSection(NestedProjects) = preSolution
		{54A21CFF-758C-47B8-AA85-C63723E68373} = {238C05CB-C0A4-44EE-9F80-532260A4487F}
		{A9E64FAC-459F-4A7D-821E-A8585804D974} = {BAB4A0C9-D6FD-4D79-B11F-ECFDC8887BB0}
		{F002F4D7-47C5-464E-965D-9B4DA53E428E} = {BAB4A0C9-D6FD-4D79-B11F-ECFDC8887BB0}
	EndGlobalSection
EndGlobal
